
Microsoft Visual Studio Solution File, Format Version 12.00
# Visual Studio Version 17
VisualStudioVersion = 17.5.33502.453
MinimumVisualStudioVersion = 10.0.40219.1
Project("{FAE04EC0-301F-11D3-BF4B-00C04F79EFBC}") = "BonjeMetBonten", "BonjeMetBonten.csproj", "{FCFA785E-6A16-4922-9B56-105C5B91A394}"
EndProject
Global
	GlobalSection(SolutionConfigurationPlatforms) = preSolution
		Debug|Any CPU = Debug|Any CPU
		Release|Any CPU = Release|Any CPU
	EndGlobalSection
	GlobalSection(ProjectConfigurationPlatforms) = postSolution
		{FCFA785E-6A16-4922-9B56-105C5B91A394}.Debug|Any CPU.ActiveCfg = Debug|Any CPU
		{FCFA785E-6A16-4922-9B56-105C5B91A394}.Debug|Any CPU.Build.0 = Debug|Any CPU
		{FCFA785E-6A16-4922-9B56-105C5B91A394}.Release|Any CPU.ActiveCfg = Release|Any CPU
		{FCFA785E-6A16-4922-9B56-105C5B91A394}.Release|Any CPU.Build.0 = Release|Any CPU
	EndGlobalSection
	GlobalSection(SolutionProperties) = preSolution
		HideSolutionNode = FALSE
	EndGlobalSection
	GlobalSection(ExtensibilityGlobals) = postSolution
		SolutionGuid = {5F076B99-6142-4989-A37E-4352288BCDC4}
	EndGlobalSection
EndGlobal
